
Microsoft Visual Studio Solution File, Format Version 12.00
# Visual Studio 14
VisualStudioVersion = 14.0.25420.1
MinimumVisualStudioVersion = 10.0.40219.1
Project("{FAE04EC0-301F-11D3-BF4B-00C04F79EFBC}") = "DungeonCrawler", "DungeonCrawler\DungeonCrawler.csproj", "{665F5FC3-D58F-4EAE-9DBC-05C1CC82CA4A}"
EndProject
Project("{FAE04EC0-301F-11D3-BF4B-00C04F79EFBC}") = "AtriLib3", "I:\Development\AtriLib3\AtriLib3\AtriLib3.csproj", "{B75C0738-3C82-423D-9594-97410152194E}"
EndProject
Global
	GlobalSection(SolutionConfigurationPlatforms) = preSolution
		Debug|Any CPU = Debug|Any CPU
		Debug|x86 = Debug|x86
		Release|Any CPU = Release|Any CPU
		Release|x86 = Release|x86
	EndGlobalSection
	GlobalSection(ProjectConfigurationPlatforms) = postSolution
		{665F5FC3-D58F-4EAE-9DBC-05C1CC82CA4A}.Debug|Any CPU.ActiveCfg = Debug|x86
		{665F5FC3-D58F-4EAE-9DBC-05C1CC82CA4A}.Debug|x86.ActiveCfg = Debug|x86
		{665F5FC3-D58F-4EAE-9DBC-05C1CC82CA4A}.Debug|x86.Build.0 = Debug|x86
		{665F5FC3-D58F-4EAE-9DBC-05C1CC82CA4A}.Release|Any CPU.ActiveCfg = Release|x86
		{665F5FC3-D58F-4EAE-9DBC-05C1CC82CA4A}.Release|x86.ActiveCfg = Release|x86
		{665F5FC3-D58F-4EAE-9DBC-05C1CC82CA4A}.Release|x86.Build.0 = Release|x86
		{B75C0738-3C82-423D-9594-97410152194E}.Debug|Any CPU.ActiveCfg = Debug|Any CPU
		{B75C0738-3C82-423D-9594-97410152194E}.Debug|Any CPU.Build.0 = Debug|Any CPU
		{B75C0738-3C82-423D-9594-97410152194E}.Debug|x86.ActiveCfg = Debug|Any CPU
		{B75C0738-3C82-423D-9594-97410152194E}.Debug|x86.Build.0 = Debug|Any CPU
		{B75C0738-3C82-423D-9594-97410152194E}.Release|Any CPU.ActiveCfg = Release|Any CPU
		{B75C0738-3C82-423D-9594-97410152194E}.Release|Any CPU.Build.0 = Release|Any CPU
		{B75C0738-3C82-423D-9594-97410152194E}.Release|x86.ActiveCfg = Release|Any CPU
		{B75C0738-3C82-423D-9594-97410152194E}.Release|x86.Build.0 = Release|Any CPU
	EndGlobalSection
	GlobalSection(SolutionProperties) = preSolution
		HideSolutionNode = FALSE
	EndGlobalSection
EndGlobal
